
Microsoft Visual Studio Solution File, Format Version 12.00
# Visual Studio Version 17
VisualStudioVersion = 17.13.35828.75 d17.13
MinimumVisualStudioVersion = 10.0.40219.1
Project("{FAE04EC0-301F-11D3-BF4B-00C04F79EFBC}") = "CakeBuild", "CakeBuild\CakeBuild.csproj", "{39E0FE63-69BE-4307-A241-B13784F1BEDB}"
EndProject
Project("{FAE04EC0-301F-11D3-BF4B-00C04F79EFBC}") = "weaponsZeta", "weaponsZeta\weaponsZeta.csproj", "{FD02A265-870A-49BD-9F44-CC5586B50C7E}"
EndProject
Global
	GlobalSection(SolutionConfigurationPlatforms) = preSolution
		Debug|Any CPU = Debug|Any CPU
		Release|Any CPU = Release|Any CPU
	EndGlobalSection
	GlobalSection(ProjectConfigurationPlatforms) = postSolution
		{39E0FE63-69BE-4307-A241-B13784F1BEDB}.Debug|Any CPU.ActiveCfg = Debug|Any CPU
		{39E0FE63-69BE-4307-A241-B13784F1BEDB}.Debug|Any CPU.Build.0 = Debug|Any CPU
		{39E0FE63-69BE-4307-A241-B13784F1BEDB}.Release|Any CPU.ActiveCfg = Release|Any CPU
		{39E0FE63-69BE-4307-A241-B13784F1BEDB}.Release|Any CPU.Build.0 = Release|Any CPU
		{FD02A265-870A-49BD-9F44-CC5586B50C7E}.Debug|Any CPU.ActiveCfg = Debug|Any CPU
		{FD02A265-870A-49BD-9F44-CC5586B50C7E}.Debug|Any CPU.Build.0 = Debug|Any CPU
		{FD02A265-870A-49BD-9F44-CC5586B50C7E}.Release|Any CPU.ActiveCfg = Release|Any CPU
		{FD02A265-870A-49BD-9F44-CC5586B50C7E}.Release|Any CPU.Build.0 = Release|Any CPU
	EndGlobalSection
	GlobalSection(SolutionProperties) = preSolution
		HideSolutionNode = FALSE
	EndGlobalSection
	GlobalSection(ExtensibilityGlobals) = postSolution
		SolutionGuid = {421868BA-CEB4-46F5-97CD-C42A93EBE06F}
	EndGlobalSection
EndGlobal
